
Microsoft Visual Studio Solution File, Format Version 12.00
# Visual Studio Version 17
VisualStudioVersion = 17.4.33122.133
MinimumVisualStudioVersion = 10.0.40219.1
Project("{FAE04EC0-301F-11D3-BF4B-00C04F79EFBC}") = "Task_1.", "Task_1\Task_1..csproj", "{8BB9C7B0-33AB-4D9C-8B10-0238934F725A}"
EndProject
Project("{FAE04EC0-301F-11D3-BF4B-00C04F79EFBC}") = "Task1_Candidate", "Task1_Candidate\Task1_Candidate.csproj", "{622F02D1-8646-458C-8122-1DEF31E5DBF3}"
EndProject
Global
	GlobalSection(SolutionConfigurationPlatforms) = preSolution
		Debug|Any CPU = Debug|Any CPU
		Release|Any CPU = Release|Any CPU
	EndGlobalSection
	GlobalSection(ProjectConfigurationPlatforms) = postSolution
		{8BB9C7B0-33AB-4D9C-8B10-0238934F725A}.Debug|Any CPU.ActiveCfg = Debug|Any CPU
		{8BB9C7B0-33AB-4D9C-8B10-0238934F725A}.Debug|Any CPU.Build.0 = Debug|Any CPU
		{8BB9C7B0-33AB-4D9C-8B10-0238934F725A}.Release|Any CPU.ActiveCfg = Release|Any CPU
		{8BB9C7B0-33AB-4D9C-8B10-0238934F725A}.Release|Any CPU.Build.0 = Release|Any CPU
		{622F02D1-8646-458C-8122-1DEF31E5DBF3}.Debug|Any CPU.ActiveCfg = Debug|Any CPU
		{622F02D1-8646-458C-8122-1DEF31E5DBF3}.Debug|Any CPU.Build.0 = Debug|Any CPU
		{622F02D1-8646-458C-8122-1DEF31E5DBF3}.Release|Any CPU.ActiveCfg = Release|Any CPU
		{622F02D1-8646-458C-8122-1DEF31E5DBF3}.Release|Any CPU.Build.0 = Release|Any CPU
	EndGlobalSection
	GlobalSection(SolutionProperties) = preSolution
		HideSolutionNode = FALSE
	EndGlobalSection
	GlobalSection(ExtensibilityGlobals) = postSolution
		SolutionGuid = {716D2C6E-6466-4926-8809-AA1DE868CEB4}
	EndGlobalSection
EndGlobal
